<Solution>
  <Configurations>
    <BuildType Name="Debug" />
    <Platform Name="Any CPU" />
    <Platform Name="x64" />
  </Configurations>
  <Project Path="src/VortexExporter/VortexExporter.csproj">
    <Platform Solution="*|x64" Project="x64" />
  </Project>
  <Project Path="src/VortexLoader/VortexLoader.csproj">
    <Platform Solution="*|x64" Project="x64" />
  </Project>
</Solution>
